// !$*UTF8*$!
{
	archiveVersion = 1;
	classes = {
	};
	objectVersion = 46;
	objects = {

/* Begin PBXBuildFile section */
		CB4464651DD17FAE000AB4B0 /* main.m in Sources */ = {isa = PBXBuildFile; fileRef = CB4464641DD17FAE000AB4B0 /* main.m */; };
		CB4464681DD17FAE000AB4B0 /* AppDelegate.m in Sources */ = {isa = PBXBuildFile; fileRef = CB4464671DD17FAE000AB4B0 /* AppDelegate.m */; };
		CB44646E1DD17FAE000AB4B0 /* Main.storyboard in Resources */ = {isa = PBXBuildFile; fileRef = CB44646C1DD17FAE000AB4B0 /* Main.storyboard */; };
		CB4464701DD17FAE000AB4B0 /* Assets.xcassets in Resources */ = {isa = PBXBuildFile; fileRef = CB44646F1DD17FAE000AB4B0 /* Assets.xcassets */; };
		CB4464731DD17FAE000AB4B0 /* LaunchScreen.storyboard in Resources */ = {isa = PBXBuildFile; fileRef = CB4464711DD17FAE000AB4B0 /* LaunchScreen.storyboard */; };
		CB44647E1DD17FAF000AB4B0 /* drawDemoTests.m in Sources */ = {isa = PBXBuildFile; fileRef = CB44647D1DD17FAF000AB4B0 /* drawDemoTests.m */; };
		CB4464891DD17FAF000AB4B0 /* drawDemoUITests.m in Sources */ = {isa = PBXBuildFile; fileRef = CB4464881DD17FAF000AB4B0 /* drawDemoUITests.m */; };
		CB4464AB1DD19AFE000AB4B0 /* ViewController.m in Sources */ = {isa = PBXBuildFile; fileRef = CB4464A11DD19AFE000AB4B0 /* ViewController.m */; };
		CB4464AC1DD19AFE000AB4B0 /* ProgressView.m in Sources */ = {isa = PBXBuildFile; fileRef = CB4464A61DD19AFE000AB4B0 /* ProgressView.m */; };
		CB4464B11DD19BC6000AB4B0 /* ViewControllerHelper.m in Sources */ = {isa = PBXBuildFile; fileRef = CB4464B01DD19BC6000AB4B0 /* ViewControllerHelper.m */; };
		CB4464B41DD19BF5000AB4B0 /* ViewControllerModel.m in Sources */ = {isa = PBXBuildFile; fileRef = CB4464B31DD19BF5000AB4B0 /* ViewControllerModel.m */; };
		CB4464BA1DD19F23000AB4B0 /* basicViewController.m in Sources */ = {isa = PBXBuildFile; fileRef = CB4464B91DD19F23000AB4B0 /* basicViewController.m */; };
		CB4464C11DD1A290000AB4B0 /* basicDraw.m in Sources */ = {isa = PBXBuildFile; fileRef = CB4464C01DD1A290000AB4B0 /* basicDraw.m */; };
		CB4464C91DD1CE52000AB4B0 /* DownLoaderLineController.m in Sources */ = {isa = PBXBuildFile; fileRef = CB4464C81DD1CE52000AB4B0 /* DownLoaderLineController.m */; };
		CB4464CC1DD1CED9000AB4B0 /* WaterFlowViewController.m in Sources */ = {isa = PBXBuildFile; fileRef = CB4464CB1DD1CED9000AB4B0 /* WaterFlowViewController.m */; };
		CB4464CF1DD1CF54000AB4B0 /* HT_WaterView.m in Sources */ = {isa = PBXBuildFile; fileRef = CB4464CE1DD1CF54000AB4B0 /* HT_WaterView.m */; };
		CB4464D11DD1D1CA000AB4B0 /* meNavbg02.png in Resources */ = {isa = PBXBuildFile; fileRef = CB4464D01DD1D1CA000AB4B0 /* meNavbg02.png */; };
		CB4464D41DD2C159000AB4B0 /* radarViewController.m in Sources */ = {isa = PBXBuildFile; fileRef = CB4464D31DD2C159000AB4B0 /* radarViewController.m */; };
		CB4464DA1DD2C290000AB4B0 /* radarDrawView.m in Sources */ = {isa = PBXBuildFile; fileRef = CB4464D91DD2C290000AB4B0 /* radarDrawView.m */; };
/* End PBXBuildFile section */

/* Begin PBXContainerItemProxy section */
		CB44647A1DD17FAF000AB4B0 /* PBXContainerItemProxy */ = {
			isa = PBXContainerItemProxy;
			containerPortal = CB4464581DD17FAE000AB4B0 /* Project object */;
			proxyType = 1;
			remoteGlobalIDString = CB44645F1DD17FAE000AB4B0;
			remoteInfo = drawDemo;
		};
		CB4464851DD17FAF000AB4B0 /* PBXContainerItemProxy */ = {
			isa = PBXContainerItemProxy;
			containerPortal = CB4464581DD17FAE000AB4B0 /* Project object */;
			proxyType = 1;
			remoteGlobalIDString = CB44645F1DD17FAE000AB4B0;
			remoteInfo = drawDemo;
		};
/* End PBXContainerItemProxy section */

/* Begin PBXFileReference section */
		CB4464601DD17FAE000AB4B0 /* drawDemo.app */ = {isa = PBXFileReference; explicitFileType = wrapper.application; includeInIndex = 0; path = drawDemo.app; sourceTree = BUILT_PRODUCTS_DIR; };
		CB4464641DD17FAE000AB4B0 /* main.m */ = {isa = PBXFileReference; lastKnownFileType = sourcecode.c.objc; path = main.m; sourceTree = "<group>"; };
		CB4464661DD17FAE000AB4B0 /* AppDelegate.h */ = {isa = PBXFileReference; lastKnownFileType = sourcecode.c.h; path = AppDelegate.h; sourceTree = "<group>"; };
		CB4464671DD17FAE000AB4B0 /* AppDelegate.m */ = {isa = PBXFileReference; lastKnownFileType = sourcecode.c.objc; path = AppDelegate.m; sourceTree = "<group>"; };
		CB44646D1DD17FAE000AB4B0 /* Base */ = {isa = PBXFileReference; lastKnownFileType = file.storyboard; name = Base; path = Base.lproj/Main.storyboard; sourceTree = "<group>"; };
		CB44646F1DD17FAE000AB4B0 /* Assets.xcassets */ = {isa = PBXFileReference; lastKnownFileType = folder.assetcatalog; path = Assets.xcassets; sourceTree = "<group>"; };
		CB4464721DD17FAE000AB4B0 /* Base */ = {isa = PBXFileReference; lastKnownFileType = file.storyboard; name = Base; path = Base.lproj/LaunchScreen.storyboard; sourceTree = "<group>"; };
		CB4464741DD17FAE000AB4B0 /* Info.plist */ = {isa = PBXFileReference; lastKnownFileType = text.plist.xml; path = Info.plist; sourceTree = "<group>"; };
		CB4464791DD17FAF000AB4B0 /* drawDemoTests.xctest */ = {isa = PBXFileReference; explicitFileType = wrapper.cfbundle; includeInIndex = 0; path = drawDemoTests.xctest; sourceTree = BUILT_PRODUCTS_DIR; };
		CB44647D1DD17FAF000AB4B0 /* drawDemoTests.m */ = {isa = PBXFileReference; lastKnownFileType = sourcecode.c.objc; path = drawDemoTests.m; sourceTree = "<group>"; };
		CB44647F1DD17FAF000AB4B0 /* Info.plist */ = {isa = PBXFileReference; lastKnownFileType = text.plist.xml; path = Info.plist; sourceTree = "<group>"; };
		CB4464841DD17FAF000AB4B0 /* drawDemoUITests.xctest */ = {isa = PBXFileReference; explicitFileType = wrapper.cfbundle; includeInIndex = 0; path = drawDemoUITests.xctest; sourceTree = BUILT_PRODUCTS_DIR; };
		CB4464881DD17FAF000AB4B0 /* drawDemoUITests.m */ = {isa = PBXFileReference; lastKnownFileType = sourcecode.c.objc; path = drawDemoUITests.m; sourceTree = "<group>"; };
		CB44648A1DD17FAF000AB4B0 /* Info.plist */ = {isa = PBXFileReference; lastKnownFileType = text.plist.xml; path = Info.plist; sourceTree = "<group>"; };
		CB4464A01DD19AFE000AB4B0 /* ViewController.h */ = {isa = PBXFileReference; fileEncoding = 4; lastKnownFileType = sourcecode.c.h; path = ViewController.h; sourceTree = "<group>"; };
		CB4464A11DD19AFE000AB4B0 /* ViewController.m */ = {isa = PBXFileReference; fileEncoding = 4; lastKnownFileType = sourcecode.c.objc; path = ViewController.m; sourceTree = "<group>"; };
		CB4464A51DD19AFE000AB4B0 /* ProgressView.h */ = {isa = PBXFileReference; fileEncoding = 4; lastKnownFileType = sourcecode.c.h; path = ProgressView.h; sourceTree = "<group>"; };
		CB4464A61DD19AFE000AB4B0 /* ProgressView.m */ = {isa = PBXFileReference; fileEncoding = 4; lastKnownFileType = sourcecode.c.objc; path = ProgressView.m; sourceTree = "<group>"; };
		CB4464AF1DD19BC6000AB4B0 /* ViewControllerHelper.h */ = {isa = PBXFileReference; fileEncoding = 4; lastKnownFileType = sourcecode.c.h; path = ViewControllerHelper.h; sourceTree = "<group>"; };
		CB4464B01DD19BC6000AB4B0 /* ViewControllerHelper.m */ = {isa = PBXFileReference; fileEncoding = 4; lastKnownFileType = sourcecode.c.objc; path = ViewControllerHelper.m; sourceTree = "<group>"; };
		CB4464B21DD19BF5000AB4B0 /* ViewControllerModel.h */ = {isa = PBXFileReference; fileEncoding = 4; lastKnownFileType = sourcecode.c.h; path = ViewControllerModel.h; sourceTree = "<group>"; };
		CB4464B31DD19BF5000AB4B0 /* ViewControllerModel.m */ = {isa = PBXFileReference; fileEncoding = 4; lastKnownFileType = sourcecode.c.objc; path = ViewControllerModel.m; sourceTree = "<group>"; };
		CB4464B81DD19F23000AB4B0 /* basicViewController.h */ = {isa = PBXFileReference; fileEncoding = 4; lastKnownFileType = sourcecode.c.h; path = basicViewController.h; sourceTree = "<group>"; };
		CB4464B91DD19F23000AB4B0 /* basicViewController.m */ = {isa = PBXFileReference; fileEncoding = 4; lastKnownFileType = sourcecode.c.objc; path = basicViewController.m; sourceTree = "<group>"; };
		CB4464BF1DD1A290000AB4B0 /* basicDraw.h */ = {isa = PBXFileReference; fileEncoding = 4; lastKnownFileType = sourcecode.c.h; path = basicDraw.h; sourceTree = "<group>"; };
		CB4464C01DD1A290000AB4B0 /* basicDraw.m */ = {isa = PBXFileReference; fileEncoding = 4; lastKnownFileType = sourcecode.c.objc; path = basicDraw.m; sourceTree = "<group>"; };
		CB4464C31DD1AA8B000AB4B0 /* PrefixHeaderDrawDemo.pch */ = {isa = PBXFileReference; lastKnownFileType = sourcecode.c.h; path = PrefixHeaderDrawDemo.pch; sourceTree = "<group>"; };
		CB4464C71DD1CE52000AB4B0 /* DownLoaderLineController.h */ = {isa = PBXFileReference; fileEncoding = 4; lastKnownFileType = sourcecode.c.h; path = DownLoaderLineController.h; sourceTree = "<group>"; };
		CB4464C81DD1CE52000AB4B0 /* DownLoaderLineController.m */ = {isa = PBXFileReference; fileEncoding = 4; lastKnownFileType = sourcecode.c.objc; path = DownLoaderLineController.m; sourceTree = "<group>"; };
		CB4464CA1DD1CED9000AB4B0 /* WaterFlowViewController.h */ = {isa = PBXFileReference; fileEncoding = 4; lastKnownFileType = sourcecode.c.h; path = WaterFlowViewController.h; sourceTree = "<group>"; };
		CB4464CB1DD1CED9000AB4B0 /* WaterFlowViewController.m */ = {isa = PBXFileReference; fileEncoding = 4; lastKnownFileType = sourcecode.c.objc; path = WaterFlowViewController.m; sourceTree = "<group>"; };
		CB4464CD1DD1CF54000AB4B0 /* HT_WaterView.h */ = {isa = PBXFileReference; fileEncoding = 4; lastKnownFileType = sourcecode.c.h; path = HT_WaterView.h; sourceTree = "<group>"; };
		CB4464CE1DD1CF54000AB4B0 /* HT_WaterView.m */ = {isa = PBXFileReference; fileEncoding = 4; lastKnownFileType = sourcecode.c.objc; path = HT_WaterView.m; sourceTree = "<group>"; };
		CB4464D01DD1D1CA000AB4B0 /* meNavbg02.png */ = {isa = PBXFileReference; lastKnownFileType = image.png; path = meNavbg02.png; sourceTree = "<group>"; };
		CB4464D21DD2C159000AB4B0 /* radarViewController.h */ = {isa = PBXFileReference; fileEncoding = 4; lastKnownFileType = sourcecode.c.h; path = radarViewController.h; sourceTree = "<group>"; };
		CB4464D31DD2C159000AB4B0 /* radarViewController.m */ = {isa = PBXFileReference; fileEncoding = 4; lastKnownFileType = sourcecode.c.objc; path = radarViewController.m; sourceTree = "<group>"; };
		CB4464D81DD2C290000AB4B0 /* radarDrawView.h */ = {isa = PBXFileReference; fileEncoding = 4; lastKnownFileType = sourcecode.c.h; path = radarDrawView.h; sourceTree = "<group>"; };
		CB4464D91DD2C290000AB4B0 /* radarDrawView.m */ = {isa = PBXFileReference; fileEncoding = 4; lastKnownFileType = sourcecode.c.objc; path = radarDrawView.m; sourceTree = "<group>"; };
/* End PBXFileReference section */

/* Begin PBXFrameworksBuildPhase section */
		CB44645D1DD17FAE000AB4B0 /* Frameworks */ = {
			isa = PBXFrameworksBuildPhase;
			buildActionMask = 2147483647;
			files = (
			);
			runOnlyForDeploymentPostprocessing = 0;
		};
		CB4464761DD17FAF000AB4B0 /* Frameworks */ = {
			isa = PBXFrameworksBuildPhase;
			buildActionMask = 2147483647;
			files = (
			);
			runOnlyForDeploymentPostprocessing = 0;
		};
		CB4464811DD17FAF000AB4B0 /* Frameworks */ = {
			isa = PBXFrameworksBuildPhase;
			buildActionMask = 2147483647;
			files = (
			);
			runOnlyForDeploymentPostprocessing = 0;
		};
/* End PBXFrameworksBuildPhase section */

/* Begin PBXGroup section */
		CB4464571DD17FAE000AB4B0 = {
			isa = PBXGroup;
			children = (
				CB4464621DD17FAE000AB4B0 /* drawDemo */,
				CB44647C1DD17FAF000AB4B0 /* drawDemoTests */,
				CB4464871DD17FAF000AB4B0 /* drawDemoUITests */,
				CB4464611DD17FAE000AB4B0 /* Products */,
			);
			sourceTree = "<group>";
		};
		CB4464611DD17FAE000AB4B0 /* Products */ = {
			isa = PBXGroup;
			children = (
				CB4464601DD17FAE000AB4B0 /* drawDemo.app */,
				CB4464791DD17FAF000AB4B0 /* drawDemoTests.xctest */,
				CB4464841DD17FAF000AB4B0 /* drawDemoUITests.xctest */,
			);
			name = Products;
			sourceTree = "<group>";
		};
		CB4464621DD17FAE000AB4B0 /* drawDemo */ = {
			isa = PBXGroup;
			children = (
				CB44649F1DD19AFE000AB4B0 /* Controller */,
				CB4464A21DD19AFE000AB4B0 /* Helper */,
				CB4464A31DD19AFE000AB4B0 /* Model */,
				CB4464A41DD19AFE000AB4B0 /* View */,
				CB4464661DD17FAE000AB4B0 /* AppDelegate.h */,
				CB4464671DD17FAE000AB4B0 /* AppDelegate.m */,
				CB4464C31DD1AA8B000AB4B0 /* PrefixHeaderDrawDemo.pch */,
				CB44646C1DD17FAE000AB4B0 /* Main.storyboard */,
				CB44646F1DD17FAE000AB4B0 /* Assets.xcassets */,
				CB4464711DD17FAE000AB4B0 /* LaunchScreen.storyboard */,
				CB4464741DD17FAE000AB4B0 /* Info.plist */,
				CB4464631DD17FAE000AB4B0 /* Supporting Files */,
			);
			path = drawDemo;
			sourceTree = "<group>";
		};
		CB4464631DD17FAE000AB4B0 /* Supporting Files */ = {
			isa = PBXGroup;
			children = (
				CB4464641DD17FAE000AB4B0 /* main.m */,
			);
			name = "Supporting Files";
			sourceTree = "<group>";
		};
		CB44647C1DD17FAF000AB4B0 /* drawDemoTests */ = {
			isa = PBXGroup;
			children = (
				CB44647D1DD17FAF000AB4B0 /* drawDemoTests.m */,
				CB44647F1DD17FAF000AB4B0 /* Info.plist */,
			);
			path = drawDemoTests;
			sourceTree = "<group>";
		};
		CB4464871DD17FAF000AB4B0 /* drawDemoUITests */ = {
			isa = PBXGroup;
			children = (
				CB4464881DD17FAF000AB4B0 /* drawDemoUITests.m */,
				CB44648A1DD17FAF000AB4B0 /* Info.plist */,
			);
			path = drawDemoUITests;
			sourceTree = "<group>";
		};
		CB44649F1DD19AFE000AB4B0 /* Controller */ = {
			isa = PBXGroup;
			children = (
				CB4464A01DD19AFE000AB4B0 /* ViewController.h */,
				CB4464A11DD19AFE000AB4B0 /* ViewController.m */,
				CB4464B81DD19F23000AB4B0 /* basicViewController.h */,
				CB4464B91DD19F23000AB4B0 /* basicViewController.m */,
				CB4464C71DD1CE52000AB4B0 /* DownLoaderLineController.h */,
				CB4464C81DD1CE52000AB4B0 /* DownLoaderLineController.m */,
				CB4464CA1DD1CED9000AB4B0 /* WaterFlowViewController.h */,
				CB4464CB1DD1CED9000AB4B0 /* WaterFlowViewController.m */,
				CB4464D21DD2C159000AB4B0 /* radarViewController.h */,
				CB4464D31DD2C159000AB4B0 /* radarViewController.m */,
			);
			path = Controller;
			sourceTree = "<group>";
		};
		CB4464A21DD19AFE000AB4B0 /* Helper */ = {
			isa = PBXGroup;
			children = (
				CB4464AF1DD19BC6000AB4B0 /* ViewControllerHelper.h */,
				CB4464B01DD19BC6000AB4B0 /* ViewControllerHelper.m */,
			);
			path = Helper;
			sourceTree = "<group>";
		};
		CB4464A31DD19AFE000AB4B0 /* Model */ = {
			isa = PBXGroup;
			children = (
				CB4464B21DD19BF5000AB4B0 /* ViewControllerModel.h */,
				CB4464B31DD19BF5000AB4B0 /* ViewControllerModel.m */,
			);
			path = Model;
			sourceTree = "<group>";
		};
		CB4464A41DD19AFE000AB4B0 /* View */ = {
			isa = PBXGroup;
			children = (
				CB4464BF1DD1A290000AB4B0 /* basicDraw.h */,
				CB4464C01DD1A290000AB4B0 /* basicDraw.m */,
				CB4464A51DD19AFE000AB4B0 /* ProgressView.h */,
				CB4464A61DD19AFE000AB4B0 /* ProgressView.m */,
				CB4464CD1DD1CF54000AB4B0 /* HT_WaterView.h */,
				CB4464CE1DD1CF54000AB4B0 /* HT_WaterView.m */,
				CB4464D81DD2C290000AB4B0 /* radarDrawView.h */,
				CB4464D91DD2C290000AB4B0 /* radarDrawView.m */,
				CB4464D01DD1D1CA000AB4B0 /* meNavbg02.png */,
			);
			path = View;
			sourceTree = "<group>";
		};
/* End PBXGroup section */

/* Begin PBXNativeTarget section */
		CB44645F1DD17FAE000AB4B0 /* drawDemo */ = {
			isa = PBXNativeTarget;
			buildConfigurationList = CB44648D1DD17FAF000AB4B0 /* Build configuration list for PBXNativeTarget "drawDemo" */;
			buildPhases = (
				CB44645C1DD17FAE000AB4B0 /* Sources */,
				CB44645D1DD17FAE000AB4B0 /* Frameworks */,
				CB44645E1DD17FAE000AB4B0 /* Resources */,
			);
			buildRules = (
			);
			dependencies = (
			);
			name = drawDemo;
			productName = drawDemo;
			productReference = CB4464601DD17FAE000AB4B0 /* drawDemo.app */;
			productType = "com.apple.product-type.application";
		};
		CB4464781DD17FAF000AB4B0 /* drawDemoTests */ = {
			isa = PBXNativeTarget;
			buildConfigurationList = CB4464901DD17FAF000AB4B0 /* Build configuration list for PBXNativeTarget "drawDemoTests" */;
			buildPhases = (
				CB4464751DD17FAF000AB4B0 /* Sources */,
				CB4464761DD17FAF000AB4B0 /* Frameworks */,
				CB4464771DD17FAF000AB4B0 /* Resources */,
			);
			buildRules = (
			);
			dependencies = (
				CB44647B1DD17FAF000AB4B0 /* PBXTargetDependency */,
			);
			name = drawDemoTests;
			productName = drawDemoTests;
			productReference = CB4464791DD17FAF000AB4B0 /* drawDemoTests.xctest */;
			productType = "com.apple.product-type.bundle.unit-test";
		};
		CB4464831DD17FAF000AB4B0 /* drawDemoUITests */ = {
			isa = PBXNativeTarget;
			buildConfigurationList = CB4464931DD17FAF000AB4B0 /* Build configuration list for PBXNativeTarget "drawDemoUITests" */;
			buildPhases = (
				CB4464801DD17FAF000AB4B0 /* Sources */,
				CB4464811DD17FAF000AB4B0 /* Frameworks */,
				CB4464821DD17FAF000AB4B0 /* Resources */,
			);
			buildRules = (
			);
			dependencies = (
				CB4464861DD17FAF000AB4B0 /* PBXTargetDependency */,
			);
			name = drawDemoUITests;
			productName = drawDemoUITests;
			productReference = CB4464841DD17FAF000AB4B0 /* drawDemoUITests.xctest */;
			productType = "com.apple.product-type.bundle.ui-testing";
		};
/* End PBXNativeTarget section */

/* Begin PBXProject section */
		CB4464581DD17FAE000AB4B0 /* Project object */ = {
			isa = PBXProject;
			attributes = {
				LastUpgradeCheck = 0720;
				ORGANIZATIONNAME = "周鹏钜";
				TargetAttributes = {
					CB44645F1DD17FAE000AB4B0 = {
						CreatedOnToolsVersion = 7.2;
					};
					CB4464781DD17FAF000AB4B0 = {
						CreatedOnToolsVersion = 7.2;
						TestTargetID = CB44645F1DD17FAE000AB4B0;
					};
					CB4464831DD17FAF000AB4B0 = {
						CreatedOnToolsVersion = 7.2;
						TestTargetID = CB44645F1DD17FAE000AB4B0;
					};
				};
			};
			buildConfigurationList = CB44645B1DD17FAE000AB4B0 /* Build configuration list for PBXProject "drawDemo" */;
			compatibilityVersion = "Xcode 3.2";
			developmentRegion = English;
			hasScannedForEncodings = 0;
			knownRegions = (
				en,
				Base,
			);
			mainGroup = CB4464571DD17FAE000AB4B0;
			productRefGroup = CB4464611DD17FAE000AB4B0 /* Products */;
			projectDirPath = "";
			projectRoot = "";
			targets = (
				CB44645F1DD17FAE000AB4B0 /* drawDemo */,
				CB4464781DD17FAF000AB4B0 /* drawDemoTests */,
				CB4464831DD17FAF000AB4B0 /* drawDemoUITests */,
			);
		};
/* End PBXProject section */

/* Begin PBXResourcesBuildPhase section */
		CB44645E1DD17FAE000AB4B0 /* Resources */ = {
			isa = PBXResourcesBuildPhase;
			buildActionMask = 2147483647;
			files = (
				CB4464731DD17FAE000AB4B0 /* LaunchScreen.storyboard in Resources */,
				CB4464701DD17FAE000AB4B0 /* Assets.xcassets in Resources */,
				CB4464D11DD1D1CA000AB4B0 /* meNavbg02.png in Resources */,
				CB44646E1DD17FAE000AB4B0 /* Main.storyboard in Resources */,
			);
			runOnlyForDeploymentPostprocessing = 0;
		};
		CB4464771DD17FAF000AB4B0 /* Resources */ = {
			isa = PBXResourcesBuildPhase;
			buildActionMask = 2147483647;
			files = (
			);
			runOnlyForDeploymentPostprocessing = 0;
		};
		CB4464821DD17FAF000AB4B0 /* Resources */ = {
			isa = PBXResourcesBuildPhase;
			buildActionMask = 2147483647;
			files = (
			);
			runOnlyForDeploymentPostprocessing = 0;
		};
/* End PBXResourcesBuildPhase section */

/* Begin PBXSourcesBuildPhase section */
		CB44645C1DD17FAE000AB4B0 /* Sources */ = {
			isa = PBXSourcesBuildPhase;
			buildActionMask = 2147483647;
			files = (
				CB4464B41DD19BF5000AB4B0 /* ViewControllerModel.m in Sources */,
				CB4464BA1DD19F23000AB4B0 /* basicViewController.m in Sources */,
				CB4464AB1DD19AFE000AB4B0 /* ViewController.m in Sources */,
				CB4464D41DD2C159000AB4B0 /* radarViewController.m in Sources */,
				CB4464C11DD1A290000AB4B0 /* basicDraw.m in Sources */,
				CB4464C91DD1CE52000AB4B0 /* DownLoaderLineController.m in Sources */,
				CB4464CC1DD1CED9000AB4B0 /* WaterFlowViewController.m in Sources */,
				CB4464AC1DD19AFE000AB4B0 /* ProgressView.m in Sources */,
				CB4464B11DD19BC6000AB4B0 /* ViewControllerHelper.m in Sources */,
				CB4464CF1DD1CF54000AB4B0 /* HT_WaterView.m in Sources */,
				CB4464681DD17FAE000AB4B0 /* AppDelegate.m in Sources */,
				CB4464651DD17FAE000AB4B0 /* main.m in Sources */,
				CB4464DA1DD2C290000AB4B0 /* radarDrawView.m in Sources */,
			);
			runOnlyForDeploymentPostprocessing = 0;
		};
		CB4464751DD17FAF000AB4B0 /* Sources */ = {
			isa = PBXSourcesBuildPhase;
			buildActionMask = 2147483647;
			files = (
				CB44647E1DD17FAF000AB4B0 /* drawDemoTests.m in Sources */,
			);
			runOnlyForDeploymentPostprocessing = 0;
		};
		CB4464801DD17FAF000AB4B0 /* Sources */ = {
			isa = PBXSourcesBuildPhase;
			buildActionMask = 2147483647;
			files = (
				CB4464891DD17FAF000AB4B0 /* drawDemoUITests.m in Sources */,
			);
			runOnlyForDeploymentPostprocessing = 0;
		};
/* End PBXSourcesBuildPhase section */

/* Begin PBXTargetDependency section */
		CB44647B1DD17FAF000AB4B0 /* PBXTargetDependency */ = {
			isa = PBXTargetDependency;
			target = CB44645F1DD17FAE000AB4B0 /* drawDemo */;
			targetProxy = CB44647A1DD17FAF000AB4B0 /* PBXContainerItemProxy */;
		};
		CB4464861DD17FAF000AB4B0 /* PBXTargetDependency */ = {
			isa = PBXTargetDependency;
			target = CB44645F1DD17FAE000AB4B0 /* drawDemo */;
			targetProxy = CB4464851DD17FAF000AB4B0 /* PBXContainerItemProxy */;
		};
/* End PBXTargetDependency section */

/* Begin PBXVariantGroup section */
		CB44646C1DD17FAE000AB4B0 /* Main.storyboard */ = {
			isa = PBXVariantGroup;
			children = (
				CB44646D1DD17FAE000AB4B0 /* Base */,
			);
			name = Main.storyboard;
			sourceTree = "<group>";
		};
		CB4464711DD17FAE000AB4B0 /* LaunchScreen.storyboard */ = {
			isa = PBXVariantGroup;
			children = (
				CB4464721DD17FAE000AB4B0 /* Base */,
			);
			name = LaunchScreen.storyboard;
			sourceTree = "<group>";
		};
/* End PBXVariantGroup section */

/* Begin XCBuildConfiguration section */
		CB44648B1DD17FAF000AB4B0 /* Debug */ = {
			isa = XCBuildConfiguration;
			buildSettings = {
				ALWAYS_SEARCH_USER_PATHS = NO;
				CLANG_CXX_LANGUAGE_STANDARD = "gnu++0x";
				CLANG_CXX_LIBRARY = "libc++";
				CLANG_ENABLE_MODULES = YES;
				CLANG_ENABLE_OBJC_ARC = YES;
				CLANG_WARN_BOOL_CONVERSION = YES;
				CLANG_WARN_CONSTANT_CONVERSION = YES;
				CLANG_WARN_DIRECT_OBJC_ISA_USAGE = YES_ERROR;
				CLANG_WARN_EMPTY_BODY = YES;
				CLANG_WARN_ENUM_CONVERSION = YES;
				CLANG_WARN_INT_CONVERSION = YES;
				CLANG_WARN_OBJC_ROOT_CLASS = YES_ERROR;
				CLANG_WARN_UNREACHABLE_CODE = YES;
				CLANG_WARN__DUPLICATE_METHOD_MATCH = YES;
				"CODE_SIGN_IDENTITY[sdk=iphoneos*]" = "iPhone Developer";
				COPY_PHASE_STRIP = NO;
				DEBUG_INFORMATION_FORMAT = dwarf;
				ENABLE_STRICT_OBJC_MSGSEND = YES;
				ENABLE_TESTABILITY = YES;
				GCC_C_LANGUAGE_STANDARD = gnu99;
				GCC_DYNAMIC_NO_PIC = NO;
				GCC_NO_COMMON_BLOCKS = YES;
				GCC_OPTIMIZATION_LEVEL = 0;
				GCC_PREPROCESSOR_DEFINITIONS = (
					"DEBUG=1",
					"$(inherited)",
				);
				GCC_WARN_64_TO_32_BIT_CONVERSION = YES;
				GCC_WARN_ABOUT_RETURN_TYPE = YES_ERROR;
				GCC_WARN_UNDECLARED_SELECTOR = YES;
				GCC_WARN_UNINITIALIZED_AUTOS = YES_AGGRESSIVE;
				GCC_WARN_UNUSED_FUNCTION = YES;
				GCC_WARN_UNUSED_VARIABLE = YES;
				IPHONEOS_DEPLOYMENT_TARGET = 9.2;
				MTL_ENABLE_DEBUG_INFO = YES;
				ONLY_ACTIVE_ARCH = YES;
				SDKROOT = iphoneos;
			};
			name = Debug;
		};
		CB44648C1DD17FAF000AB4B0 /* Release */ = {
			isa = XCBuildConfiguration;
			buildSettings = {
				ALWAYS_SEARCH_USER_PATHS = NO;
				CLANG_CXX_LANGUAGE_STANDARD = "gnu++0x";
				CLANG_CXX_LIBRARY = "libc++";
				CLANG_ENABLE_MODULES = YES;
				CLANG_ENABLE_OBJC_ARC = YES;
				CLANG_WARN_BOOL_CONVERSION = YES;
				CLANG_WARN_CONSTANT_CONVERSION = YES;
				CLANG_WARN_DIRECT_OBJC_ISA_USAGE = YES_ERROR;
				CLANG_WARN_EMPTY_BODY = YES;
				CLANG_WARN_ENUM_CONVERSION = YES;
				CLANG_WARN_INT_CONVERSION = YES;
				CLANG_WARN_OBJC_ROOT_CLASS = YES_ERROR;
				CLANG_WARN_UNREACHABLE_CODE = YES;
				CLANG_WARN__DUPLICATE_METHOD_MATCH = YES;
				"CODE_SIGN_IDENTITY[sdk=iphoneos*]" = "iPhone Developer";
				COPY_PHASE_STRIP = NO;
				DEBUG_INFORMATION_FORMAT = "dwarf-with-dsym";
				ENABLE_NS_ASSERTIONS = NO;
				ENABLE_STRICT_OBJC_MSGSEND = YES;
				GCC_C_LANGUAGE_STANDARD = gnu99;
				GCC_NO_COMMON_BLOCKS = YES;
				GCC_WARN_64_TO_32_BIT_CONVERSION = YES;
				GCC_WARN_ABOUT_RETURN_TYPE = YES_ERROR;
				GCC_WARN_UNDECLARED_SELECTOR = YES;
				GCC_WARN_UNINITIALIZED_AUTOS = YES_AGGRESSIVE;
				GCC_WARN_UNUSED_FUNCTION = YES;
				GCC_WARN_UNUSED_VARIABLE = YES;
				IPHONEOS_DEPLOYMENT_TARGET = 9.2;
				MTL_ENABLE_DEBUG_INFO = NO;
				SDKROOT = iphoneos;
				VALIDATE_PRODUCT = YES;
			};
			name = Release;
		};
		CB44648E1DD17FAF000AB4B0 /* Debug */ = {
			isa = XCBuildConfiguration;
			buildSettings = {
				ASSETCATALOG_COMPILER_APPICON_NAME = AppIcon;
				GCC_PREFIX_HEADER = "$(SRCROOT)/$(PROJECT_NAME)/PrefixHeaderDrawDemo.pch";
				INFOPLIST_FILE = drawDemo/Info.plist;
				IPHONEOS_DEPLOYMENT_TARGET = 8.0;
				LD_RUNPATH_SEARCH_PATHS = "$(inherited) @executable_path/Frameworks";
				PRODUCT_BUNDLE_IDENTIFIER = com.zhoupengju.www.drawDemo;
				PRODUCT_NAME = "$(TARGET_NAME)";
			};
			name = Debug;
		};
		CB44648F1DD17FAF000AB4B0 /* Release */ = {
			isa = XCBuildConfiguration;
			buildSettings = {
				ASSETCATALOG_COMPILER_APPICON_NAME = AppIcon;
				GCC_PREFIX_HEADER = "$(SRCROOT)/$(PROJECT_NAME)/PrefixHeaderDrawDemo.pch";
				INFOPLIST_FILE = drawDemo/Info.plist;
				IPHONEOS_DEPLOYMENT_TARGET = 8.0;
				LD_RUNPATH_SEARCH_PATHS = "$(inherited) @executable_path/Frameworks";
				PRODUCT_BUNDLE_IDENTIFIER = com.zhoupengju.www.drawDemo;
				PRODUCT_NAME = "$(TARGET_NAME)";
			};
			name = Release;
		};
		CB4464911DD17FAF000AB4B0 /* Debug */ = {
			isa = XCBuildConfiguration;
			buildSettings = {
				BUNDLE_LOADER = "$(TEST_HOST)";
				INFOPLIST_FILE = drawDemoTests/Info.plist;
				LD_RUNPATH_SEARCH_PATHS = "$(inherited) @executable_path/Frameworks @loader_path/Frameworks";
				PRODUCT_BUNDLE_IDENTIFIER = com.zhoupengju.www.drawDemoTests;
				PRODUCT_NAME = "$(TARGET_NAME)";
				TEST_HOST = "$(BUILT_PRODUCTS_DIR)/drawDemo.app/drawDemo";
			};
			name = Debug;
		};
		CB4464921DD17FAF000AB4B0 /* Release */ = {
			isa = XCBuildConfiguration;
			buildSettings = {
				BUNDLE_LOADER = "$(TEST_HOST)";
				INFOPLIST_FILE = drawDemoTests/Info.plist;
				LD_RUNPATH_SEARCH_PATHS = "$(inherited) @executable_path/Frameworks @loader_path/Frameworks";
				PRODUCT_BUNDLE_IDENTIFIER = com.zhoupengju.www.drawDemoTests;
				PRODUCT_NAME = "$(TARGET_NAME)";
				TEST_HOST = "$(BUILT_PRODUCTS_DIR)/drawDemo.app/drawDemo";
			};
			name = Release;
		};
		CB4464941DD17FAF000AB4B0 /* Debug */ = {
			isa = XCBuildConfiguration;
			buildSettings = {
				INFOPLIST_FILE = drawDemoUITests/Info.plist;
				LD_RUNPATH_SEARCH_PATHS = "$(inherited) @executable_path/Frameworks @loader_path/Frameworks";
				PRODUCT_BUNDLE_IDENTIFIER = com.zhoupengju.www.drawDemoUITests;
				PRODUCT_NAME = "$(TARGET_NAME)";
				TEST_TARGET_NAME = drawDemo;
				USES_XCTRUNNER = YES;
			};
			name = Debug;
		};
		CB4464951DD17FAF000AB4B0 /* Release */ = {
			isa = XCBuildConfiguration;
			buildSettings = {
				INFOPLIST_FILE = drawDemoUITests/Info.plist;
				LD_RUNPATH_SEARCH_PATHS = "$(inherited) @executable_path/Frameworks @loader_path/Frameworks";
				PRODUCT_BUNDLE_IDENTIFIER = com.zhoupengju.www.drawDemoUITests;
				PRODUCT_NAME = "$(TARGET_NAME)";
				TEST_TARGET_NAME = drawDemo;
				USES_XCTRUNNER = YES;
			};
			name = Release;
		};
/* End XCBuildConfiguration section */

/* Begin XCConfigurationList section */
		CB44645B1DD17FAE000AB4B0 /* Build configuration list for PBXProject "drawDemo" */ = {
			isa = XCConfigurationList;
			buildConfigurations = (
				CB44648B1DD17FAF000AB4B0 /* Debug */,
				CB44648C1DD17FAF000AB4B0 /* Release */,
			);
			defaultConfigurationIsVisible = 0;
			defaultConfigurationName = Release;
		};
		CB44648D1DD17FAF000AB4B0 /* Build configuration list for PBXNativeTarget "drawDemo" */ = {
			isa = XCConfigurationList;
			buildConfigurations = (
				CB44648E1DD17FAF000AB4B0 /* Debug */,
				CB44648F1DD17FAF000AB4B0 /* Release */,
			);
			defaultConfigurationIsVisible = 0;
			defaultConfigurationName = Release;
		};
		CB4464901DD17FAF000AB4B0 /* Build configuration list for PBXNativeTarget "drawDemoTests" */ = {
			isa = XCConfigurationList;
			buildConfigurations = (
				CB4464911DD17FAF000AB4B0 /* Debug */,
				CB4464921DD17FAF000AB4B0 /* Release */,
			);
			defaultConfigurationIsVisible = 0;
			defaultConfigurationName = Release;
		};
		CB4464931DD17FAF000AB4B0 /* Build configuration list for PBXNativeTarget "drawDemoUITests" */ = {
			isa = XCConfigurationList;
			buildConfigurations = (
				CB4464941DD17FAF000AB4B0 /* Debug */,
				CB4464951DD17FAF000AB4B0 /* Release */,
			);
			defaultConfigurationIsVisible = 0;
			defaultConfigurationName = Release;
		};
/* End XCConfigurationList section */
	};
	rootObject = CB4464581DD17FAE000AB4B0 /* Project object */;
}
